
Microsoft Visual Studio Solution File, Format Version 12.00
Project("{FAE04EC0-301F-11D3-BF4B-00C04F79EFBC}") = "ConsoleApp", "ConsoleApp\ConsoleApp.csproj", "{C5B9B1CB-08B9-40D9-BAA9-F13A060672C8}"
EndProject
Project("{FAE04EC0-301F-11D3-BF4B-00C04F79EFBC}") = "MenuSystem", "MenuSystem\MenuSystem.csproj", "{502B52C7-F510-481F-AA51-CCF1B3FA79C3}"
EndProject
Project("{FAE04EC0-301F-11D3-BF4B-00C04F79EFBC}") = "GameBrain", "GameBrain\GameBrain.csproj", "{0C34B4E0-31F9-4E48-B7D5-EE57C25383AD}"
EndProject
Project("{FAE04EC0-301F-11D3-BF4B-00C04F79EFBC}") = "ConsoleUI", "ConsoleUI\ConsoleUI.csproj", "{2992FEDE-82B8-4F76-AB97-7832C1880C28}"
EndProject
Project("{FAE04EC0-301F-11D3-BF4B-00C04F79EFBC}") = "DAL.FileSystem", "DAL.FileSystem\DAL.FileSystem.csproj", "{BFD2F7A2-717A-4DC8-A68C-AA6F695B4ABB}"
EndProject
Project("{FAE04EC0-301F-11D3-BF4B-00C04F79EFBC}") = "DAL.Db", "DAL.Db\DAL.Db.csproj", "{77B5A4F3-79CE-43FF-88ED-B636DB47137E}"
EndProject
Project("{FAE04EC0-301F-11D3-BF4B-00C04F79EFBC}") = "DAL", "DAL\DAL.csproj", "{58786B18-2D8B-436E-B644-1EA6CE1F10E6}"
EndProject
Project("{FAE04EC0-301F-11D3-BF4B-00C04F79EFBC}") = "Domain", "Domain\Domain.csproj", "{24195161-F036-478C-B9A9-E88E29F0324D}"
EndProject
Project("{FAE04EC0-301F-11D3-BF4B-00C04F79EFBC}") = "WebApp", "WebApp\WebApp.csproj", "{76CF01E1-20C7-476A-B79C-A5AF5B053833}"
EndProject
Global
	GlobalSection(SolutionConfigurationPlatforms) = preSolution
		Debug|Any CPU = Debug|Any CPU
		Release|Any CPU = Release|Any CPU
	EndGlobalSection
	GlobalSection(ProjectConfigurationPlatforms) = postSolution
		{C5B9B1CB-08B9-40D9-BAA9-F13A060672C8}.Debug|Any CPU.ActiveCfg = Debug|Any CPU
		{C5B9B1CB-08B9-40D9-BAA9-F13A060672C8}.Debug|Any CPU.Build.0 = Debug|Any CPU
		{C5B9B1CB-08B9-40D9-BAA9-F13A060672C8}.Release|Any CPU.ActiveCfg = Release|Any CPU
		{C5B9B1CB-08B9-40D9-BAA9-F13A060672C8}.Release|Any CPU.Build.0 = Release|Any CPU
		{502B52C7-F510-481F-AA51-CCF1B3FA79C3}.Debug|Any CPU.ActiveCfg = Debug|Any CPU
		{502B52C7-F510-481F-AA51-CCF1B3FA79C3}.Debug|Any CPU.Build.0 = Debug|Any CPU
		{502B52C7-F510-481F-AA51-CCF1B3FA79C3}.Release|Any CPU.ActiveCfg = Release|Any CPU
		{502B52C7-F510-481F-AA51-CCF1B3FA79C3}.Release|Any CPU.Build.0 = Release|Any CPU
		{0C34B4E0-31F9-4E48-B7D5-EE57C25383AD}.Debug|Any CPU.ActiveCfg = Debug|Any CPU
		{0C34B4E0-31F9-4E48-B7D5-EE57C25383AD}.Debug|Any CPU.Build.0 = Debug|Any CPU
		{0C34B4E0-31F9-4E48-B7D5-EE57C25383AD}.Release|Any CPU.ActiveCfg = Release|Any CPU
		{0C34B4E0-31F9-4E48-B7D5-EE57C25383AD}.Release|Any CPU.Build.0 = Release|Any CPU
		{2992FEDE-82B8-4F76-AB97-7832C1880C28}.Debug|Any CPU.ActiveCfg = Debug|Any CPU
		{2992FEDE-82B8-4F76-AB97-7832C1880C28}.Debug|Any CPU.Build.0 = Debug|Any CPU
		{2992FEDE-82B8-4F76-AB97-7832C1880C28}.Release|Any CPU.ActiveCfg = Release|Any CPU
		{2992FEDE-82B8-4F76-AB97-7832C1880C28}.Release|Any CPU.Build.0 = Release|Any CPU
		{BFD2F7A2-717A-4DC8-A68C-AA6F695B4ABB}.Debug|Any CPU.ActiveCfg = Debug|Any CPU
		{BFD2F7A2-717A-4DC8-A68C-AA6F695B4ABB}.Debug|Any CPU.Build.0 = Debug|Any CPU
		{BFD2F7A2-717A-4DC8-A68C-AA6F695B4ABB}.Release|Any CPU.ActiveCfg = Release|Any CPU
		{BFD2F7A2-717A-4DC8-A68C-AA6F695B4ABB}.Release|Any CPU.Build.0 = Release|Any CPU
		{77B5A4F3-79CE-43FF-88ED-B636DB47137E}.Debug|Any CPU.ActiveCfg = Debug|Any CPU
		{77B5A4F3-79CE-43FF-88ED-B636DB47137E}.Debug|Any CPU.Build.0 = Debug|Any CPU
		{77B5A4F3-79CE-43FF-88ED-B636DB47137E}.Release|Any CPU.ActiveCfg = Release|Any CPU
		{77B5A4F3-79CE-43FF-88ED-B636DB47137E}.Release|Any CPU.Build.0 = Release|Any CPU
		{58786B18-2D8B-436E-B644-1EA6CE1F10E6}.Debug|Any CPU.ActiveCfg = Debug|Any CPU
		{58786B18-2D8B-436E-B644-1EA6CE1F10E6}.Debug|Any CPU.Build.0 = Debug|Any CPU
		{58786B18-2D8B-436E-B644-1EA6CE1F10E6}.Release|Any CPU.ActiveCfg = Release|Any CPU
		{58786B18-2D8B-436E-B644-1EA6CE1F10E6}.Release|Any CPU.Build.0 = Release|Any CPU
		{24195161-F036-478C-B9A9-E88E29F0324D}.Debug|Any CPU.ActiveCfg = Debug|Any CPU
		{24195161-F036-478C-B9A9-E88E29F0324D}.Debug|Any CPU.Build.0 = Debug|Any CPU
		{24195161-F036-478C-B9A9-E88E29F0324D}.Release|Any CPU.ActiveCfg = Release|Any CPU
		{24195161-F036-478C-B9A9-E88E29F0324D}.Release|Any CPU.Build.0 = Release|Any CPU
		{76CF01E1-20C7-476A-B79C-A5AF5B053833}.Debug|Any CPU.ActiveCfg = Debug|Any CPU
		{76CF01E1-20C7-476A-B79C-A5AF5B053833}.Debug|Any CPU.Build.0 = Debug|Any CPU
		{76CF01E1-20C7-476A-B79C-A5AF5B053833}.Release|Any CPU.ActiveCfg = Release|Any CPU
		{76CF01E1-20C7-476A-B79C-A5AF5B053833}.Release|Any CPU.Build.0 = Release|Any CPU
	EndGlobalSection
EndGlobal
